
Microsoft Visual Studio Solution File, Format Version 12.00
# Visual Studio 15
VisualStudioVersion = 15.0.28307.902
MinimumVisualStudioVersion = 10.0.40219.1
Project("{9A19103F-16F7-4668-BE54-9A1E7A4F7556}") = "CacheProject", "RedisProject\CacheProject.csproj", "{4DF1C0D7-DE17-4D3D-AD18-3434FCD0C78C}"
EndProject
Global
	GlobalSection(SolutionConfigurationPlatforms) = preSolution
		Debug|Any CPU = Debug|Any CPU
		Release|Any CPU = Release|Any CPU
	EndGlobalSection
	GlobalSection(ProjectConfigurationPlatforms) = postSolution
		{4DF1C0D7-DE17-4D3D-AD18-3434FCD0C78C}.Debug|Any CPU.ActiveCfg = Debug|Any CPU
		{4DF1C0D7-DE17-4D3D-AD18-3434FCD0C78C}.Debug|Any CPU.Build.0 = Debug|Any CPU
		{4DF1C0D7-DE17-4D3D-AD18-3434FCD0C78C}.Release|Any CPU.ActiveCfg = Release|Any CPU
		{4DF1C0D7-DE17-4D3D-AD18-3434FCD0C78C}.Release|Any CPU.Build.0 = Release|Any CPU
	EndGlobalSection
	GlobalSection(SolutionProperties) = preSolution
		HideSolutionNode = FALSE
	EndGlobalSection
	GlobalSection(ExtensibilityGlobals) = postSolution
		SolutionGuid = {7020CD46-C0A8-4754-BFD3-E8FDAF527000}
	EndGlobalSection
EndGlobal
